{
  "version": "3",
  "remote": {
    "https://deno.land/std@0.159.0/fmt/colors.ts": "ff7dc9c9f33a72bd48bc24b21bbc1b4545d8494a431f17894dbc5fe92a938fc4",
    "https://deno.land/std@0.159.0/testing/_diff.ts": "a23e7fc2b4d8daa3e158fa06856bedf5334ce2a2831e8bf9e509717f455adb2c",
    "https://deno.land/std@0.159.0/testing/_format.ts": "cd11136e1797791045e639e9f0f4640d5b4166148796cad37e6ef75f7d7f3832",
    "https://deno.land/std@0.159.0/testing/asserts.ts": "9ff3259f6cdc2908af478f9340f4e470d23234324bd33e7f74c683a00ed4d211",
    "https://deno.land/x/fastest_levenshtein@1.0.10/mod.ts": "aea49d54b6bb37082b2377da2ea068331da07b2a515621d8eff97538b7157b40",
    "https://deno.land/x/keypress@0.0.11/mod.ts": "22fe0ea62136f3015149c639f891076a5b2312c0b8974c4a2bd8acaaded61c61",
    "https://deno.land/x/keypress@0.0.8/mod.ts": "66461ddc1aae084f9fd51dd5f655865bff9dd72f14fb4e0c8ec10f38b97afadf"
  }
}
